
Microsoft Visual Studio Solution File, Format Version 12.00
# Visual Studio 15
VisualStudioVersion = 15.0.28307.329
MinimumVisualStudioVersion = 10.0.40219.1
Project("{FAE04EC0-301F-11D3-BF4B-00C04F79EFBC}") = "MasGlobal.EmployeesSalaries.DAL", "MasGlobal-employees-salaries.DAL\MasGlobal.EmployeesSalaries.DAL.csproj", "{8C0E148E-8F6A-4894-A890-497F3ACBEBCE}"
EndProject
Project("{FAE04EC0-301F-11D3-BF4B-00C04F79EFBC}") = "MasGlobal.EmployeesSalaries.Models", "MasGlobal.EmployeesSalaries.Models\MasGlobal.EmployeesSalaries.Models.csproj", "{3D8004F8-6E54-4896-8225-85935A6C9F13}"
EndProject
Project("{FAE04EC0-301F-11D3-BF4B-00C04F79EFBC}") = "MasGlobal.EmployeesSalaries.BLL", "MasGlobal.EmployeesSalaries.BLL\MasGlobal.EmployeesSalaries.BLL.csproj", "{D4E8FACB-3C43-4440-980A-DC9B7A1340A0}"
EndProject
Project("{FAE04EC0-301F-11D3-BF4B-00C04F79EFBC}") = "MasGlobal.EmployeesSalaries.Tests", "MasGlobal.EmployeesSalaries.Tests\MasGlobal.EmployeesSalaries.Tests.csproj", "{EC08F19A-B258-41BA-931E-9E4D4A542508}"
EndProject
Project("{FAE04EC0-301F-11D3-BF4B-00C04F79EFBC}") = "MasGlobal.EmployeesSalaries.Web", "MasGlobal.EmployeesSalaries.Web\MasGlobal.EmployeesSalaries.Web.csproj", "{AD4B21CC-E7F1-4302-AF7B-4F1314C84F66}"
EndProject
Global
	GlobalSection(SolutionConfigurationPlatforms) = preSolution
		Debug|Any CPU = Debug|Any CPU
		Release|Any CPU = Release|Any CPU
	EndGlobalSection
	GlobalSection(ProjectConfigurationPlatforms) = postSolution
		{8C0E148E-8F6A-4894-A890-497F3ACBEBCE}.Debug|Any CPU.ActiveCfg = Debug|Any CPU
		{8C0E148E-8F6A-4894-A890-497F3ACBEBCE}.Debug|Any CPU.Build.0 = Debug|Any CPU
		{8C0E148E-8F6A-4894-A890-497F3ACBEBCE}.Release|Any CPU.ActiveCfg = Release|Any CPU
		{8C0E148E-8F6A-4894-A890-497F3ACBEBCE}.Release|Any CPU.Build.0 = Release|Any CPU
		{3D8004F8-6E54-4896-8225-85935A6C9F13}.Debug|Any CPU.ActiveCfg = Debug|Any CPU
		{3D8004F8-6E54-4896-8225-85935A6C9F13}.Debug|Any CPU.Build.0 = Debug|Any CPU
		{3D8004F8-6E54-4896-8225-85935A6C9F13}.Release|Any CPU.ActiveCfg = Release|Any CPU
		{3D8004F8-6E54-4896-8225-85935A6C9F13}.Release|Any CPU.Build.0 = Release|Any CPU
		{D4E8FACB-3C43-4440-980A-DC9B7A1340A0}.Debug|Any CPU.ActiveCfg = Debug|Any CPU
		{D4E8FACB-3C43-4440-980A-DC9B7A1340A0}.Debug|Any CPU.Build.0 = Debug|Any CPU
		{D4E8FACB-3C43-4440-980A-DC9B7A1340A0}.Release|Any CPU.ActiveCfg = Release|Any CPU
		{D4E8FACB-3C43-4440-980A-DC9B7A1340A0}.Release|Any CPU.Build.0 = Release|Any CPU
		{EC08F19A-B258-41BA-931E-9E4D4A542508}.Debug|Any CPU.ActiveCfg = Debug|Any CPU
		{EC08F19A-B258-41BA-931E-9E4D4A542508}.Debug|Any CPU.Build.0 = Debug|Any CPU
		{EC08F19A-B258-41BA-931E-9E4D4A542508}.Release|Any CPU.ActiveCfg = Release|Any CPU
		{EC08F19A-B258-41BA-931E-9E4D4A542508}.Release|Any CPU.Build.0 = Release|Any CPU
		{AD4B21CC-E7F1-4302-AF7B-4F1314C84F66}.Debug|Any CPU.ActiveCfg = Debug|Any CPU
		{AD4B21CC-E7F1-4302-AF7B-4F1314C84F66}.Debug|Any CPU.Build.0 = Debug|Any CPU
		{AD4B21CC-E7F1-4302-AF7B-4F1314C84F66}.Release|Any CPU.ActiveCfg = Release|Any CPU
		{AD4B21CC-E7F1-4302-AF7B-4F1314C84F66}.Release|Any CPU.Build.0 = Release|Any CPU
	EndGlobalSection
	GlobalSection(SolutionProperties) = preSolution
		HideSolutionNode = FALSE
	EndGlobalSection
	GlobalSection(ExtensibilityGlobals) = postSolution
		SolutionGuid = {3D3BEDE1-6F55-4D8A-8E11-454D75E34407}
	EndGlobalSection
EndGlobal
